<?xml version="1.0" encoding="utf-8"?>
<Project ToolsVersion="4.0" xmlns="http://schemas.microsoft.com/developer/msbuild/2003">
  <ItemGroup>
    <Filter Include="Resource Files">
      <UniqueIdentifier>{67DA6AB6-F800-4c08-8B7A-83BB121AAD01}</UniqueIdentifier>
      <Extensions>rc;ico;cur;bmp;dlg;rc2;rct;bin;rgs;gif;jpg;jpeg;jpe;resx;tiff;tif;png;wav;mfcribbon-ms</Extensions>
    </Filter>
    <Filter Include="Game">
      <UniqueIdentifier>{0974bef2-7bfe-4f59-8d03-e0b1b9fe0beb}</UniqueIdentifier>
    </Filter>
    <Filter Include="Game\Parsers">
      <UniqueIdentifier>{39917b95-d766-406b-9319-d895c24e169a}</UniqueIdentifier>
    </Filter>
    <Filter Include="Game\Parsers\Sources">
      <UniqueIdentifier>{36df07c7-9d19-4d37-ad30-39b981ba0468}</UniqueIdentifier>
    </Filter>
    <Filter Include="Game\Input">
      <UniqueIdentifier>{ebb33dff-656f-46fe-9ecd-d42f79384b44}</UniqueIdentifier>
    </Filter>
    <Filter Include="Game\Input\Sources">
      <UniqueIdentifier>{ddc7c9d2-40aa-479a-ab0d-073420f92045}</UniqueIdentifier>
    </Filter>
    <Filter Include="Game\Collisions">
      <UniqueIdentifier>{dd906054-3420-40e7-aaf3-42959e5f3ba8}</UniqueIdentifier>
    </Filter>
    <Filter Include="Game\Collisions\Sources">
      <UniqueIdentifier>{1d7f6633-83de-4f5d-bc46-3f011b3694a4}</UniqueIdentifier>
    </Filter>
    <Filter Include="Game\Models">
      <UniqueIdentifier>{ccbecb92-81bc-4376-8b4b-fdc29b180a76}</UniqueIdentifier>
    </Filter>
    <Filter Include="Game\Models\Input">
      <UniqueIdentifier>{0c64c0c1-a8e3-45dd-bfc9-7eb18d19751a}</UniqueIdentifier>
    </Filter>
    <Filter Include="Game\Models\Collisions">
      <UniqueIdentifier>{e165c119-c06a-4400-9d39-ae7c813cb740}</UniqueIdentifier>
    </Filter>
    <Filter Include="Game\Models\Map">
      <UniqueIdentifier>{f89af5ce-380c-4d12-86b8-d8bc7f0d991a}</UniqueIdentifier>
    </Filter>
    <Filter Include="Game\Loaders">
      <UniqueIdentifier>{fbbcd966-5051-4dc7-9910-7440911692a7}</UniqueIdentifier>
    </Filter>
    <Filter Include="Game\Models\Map\Sources">
      <UniqueIdentifier>{f5cd7a52-c86b-4e06-a33e-4fe993c3c6f8}</UniqueIdentifier>
    </Filter>
    <Filter Include="Game\Loaders\Sources">
      <UniqueIdentifier>{87845670-7fd7-4ebe-85bd-b4e12b391a1b}</UniqueIdentifier>
    </Filter>
    <Filter Include="Game\Utilities">
      <UniqueIdentifier>{a053b1ea-fbcc-443b-87e0-17568c837348}</UniqueIdentifier>
    </Filter>
    <Filter Include="Game\Utilities\Sources">
      <UniqueIdentifier>{8da1411f-c593-4017-bb8d-47b55c7c8661}</UniqueIdentifier>
    </Filter>
    <Filter Include="Game\Wrappers">
      <UniqueIdentifier>{fca7e58c-d0af-474b-95a0-481945ecfb27}</UniqueIdentifier>
    </Filter>
    <Filter Include="Game\Wrappers\Sources">
      <UniqueIdentifier>{5a18010a-8eb9-4f30-a914-8b0d2dabbfbb}</UniqueIdentifier>
    </Filter>
    <Filter Include="Game\Utilities\Models">
      <UniqueIdentifier>{b9a53277-50ad-4ebc-9d66-f75d744e02bd}</UniqueIdentifier>
    </Filter>
    <Filter Include="Game\Models\GameObjects">
      <UniqueIdentifier>{20f4a359-52b6-43c2-b24d-c996d0a36aee}</UniqueIdentifier>
    </Filter>
    <Filter Include="Game\Models\GameObjects\Sources">
      <UniqueIdentifier>{f1bb328c-64a2-4d02-b4f3-5706db0eb08e}</UniqueIdentifier>
    </Filter>
    <Filter Include="Game\Factory">
      <UniqueIdentifier>{61049927-5058-4201-8369-1744785ad2b5}</UniqueIdentifier>
    </Filter>
  </ItemGroup>
  <ItemGroup>
    <ClInclude Include="ILayerParsersCreator.h">
      <Filter>Game\Parsers</Filter>
    </ClInclude>
    <ClInclude Include="ILayerParser.h">
      <Filter>Game\Parsers</Filter>
    </ClInclude>
    <ClInclude Include="LayerParsersCreator.h">
      <Filter>Game\Parsers</Filter>
    </ClInclude>
    <ClInclude Include="TileLayerParser.h">
      <Filter>Game\Parsers</Filter>
    </ClInclude>
    <ClInclude Include="IInputHandler.h">
      <Filter>Game\Input</Filter>
    </ClInclude>
    <ClInclude Include="SDLInputHandler.h">
      <Filter>Game\Input</Filter>
    </ClInclude>
    <ClInclude Include="ICollisionManager.h">
      <Filter>Game\Collisions</Filter>
    </ClInclude>
    <ClInclude Include="SDLCollisionManager.h">
      <Filter>Game\Collisions</Filter>
    </ClInclude>
    <ClInclude Include="ActionType.h">
      <Filter>Game\Models\Input</Filter>
    </ClInclude>
    <ClInclude Include="SDLActionType.h">
      <Filter>Game\Models\Input</Filter>
    </ClInclude>
    <ClInclude Include="SpecialSDLActionType.h">
      <Filter>Game\Models\Input</Filter>
    </ClInclude>
    <ClInclude Include="ICollidable.h">
      <Filter>Game\Models\Collisions</Filter>
    </ClInclude>
    <ClInclude Include="Tag.h">
      <Filter>Game\Models\Collisions</Filter>
    </ClInclude>
    <ClInclude Include="FromJsonLevelLoader.h">
      <Filter>Game\Loaders</Filter>
    </ClInclude>
    <ClInclude Include="ILevelLoader.h">
      <Filter>Game\Loaders</Filter>
    </ClInclude>
    <ClInclude Include="LayerBase.h">
      <Filter>Game\Models\Map</Filter>
    </ClInclude>
    <ClInclude Include="Tile.h">
      <Filter>Game\Models\Map</Filter>
    </ClInclude>
    <ClInclude Include="Tileset.h">
      <Filter>Game\Models\Map</Filter>
    </ClInclude>
    <ClInclude Include="TileLayer.h">
      <Filter>Game\Models\Map</Filter>
    </ClInclude>
    <ClInclude Include="JsonParser.h">
      <Filter>Game\Parsers</Filter>
    </ClInclude>
    <ClInclude Include="BoostDI.h">
      <Filter>Game\Utilities</Filter>
    </ClInclude>
    <ClInclude Include="IGameBoostrapper.h">
      <Filter>Game\Utilities</Filter>
    </ClInclude>
    <ClInclude Include="ITextureManager.h">
      <Filter>Game\Utilities</Filter>
    </ClInclude>
    <ClInclude Include="SDLGameBoostrapper.h">
      <Filter>Game\Utilities</Filter>
    </ClInclude>
    <ClInclude Include="SDLTextureManager.h">
      <Filter>Game\Utilities</Filter>
    </ClInclude>
    <ClInclude Include="IRenderer.h">
      <Filter>Game\Wrappers</Filter>
    </ClInclude>
    <ClInclude Include="SDLRenderer.h">
      <Filter>Game\Wrappers</Filter>
    </ClInclude>
    <ClInclude Include="Wrapper.h">
      <Filter>Game\Wrappers</Filter>
    </ClInclude>
    <ClInclude Include="Ball.h">
      <Filter>Game\Models\GameObjects</Filter>
    </ClInclude>
    <ClInclude Include="GameObject.h">
      <Filter>Game\Models\GameObjects</Filter>
    </ClInclude>
    <ClInclude Include="IDrawable.h">
      <Filter>Game\Models\GameObjects</Filter>
    </ClInclude>
    <ClInclude Include="IMovable.h">
      <Filter>Game\Models\GameObjects</Filter>
    </ClInclude>
    <ClInclude Include="MoveableGameObject.h">
      <Filter>Game\Models\GameObjects</Filter>
    </ClInclude>
    <ClInclude Include="Color.h">
      <Filter>Game\Utilities\Models</Filter>
    </ClInclude>
    <ClInclude Include="Rect.h">
      <Filter>Game\Utilities\Models</Filter>
    </ClInclude>
    <ClInclude Include="Game.h">
      <Filter>Game</Filter>
    </ClInclude>
    <ClInclude Include="ObjectLayerParser.h">
      <Filter>Game\Parsers</Filter>
    </ClInclude>
    <ClInclude Include="ObjectLayer.h">
      <Filter>Game\Models\Map</Filter>
    </ClInclude>
    <ClInclude Include="TileLayerProperties.h">
      <Filter>Game\Models\Map</Filter>
    </ClInclude>
    <ClInclude Include="ObjectLayerProperties.h">
      <Filter>Game\Models\Map</Filter>
    </ClInclude>
    <ClInclude Include="EnumParser.h">
      <Filter>Game\Utilities</Filter>
    </ClInclude>
    <ClInclude Include="GameLogicHandler.h">
      <Filter>Game</Filter>
    </ClInclude>
    <ClInclude Include="ObjectBase.h">
      <Filter>Game\Models\GameObjects</Filter>
    </ClInclude>
    <ClInclude Include="Factory.h" />
    <ClInclude Include="Vector2D.h">
      <Filter>Game\Utilities</Filter>
    </ClInclude>
    <ClInclude Include="Pacman.h">
      <Filter>Game\Models\GameObjects</Filter>
    </ClInclude>
  </ItemGroup>
  <ItemGroup>
    <ClCompile Include="ILayerParser.cpp">
      <Filter>Game\Parsers\Sources</Filter>
    </ClCompile>
    <ClCompile Include="ILayerParsersCreator.cpp">
      <Filter>Game\Parsers\Sources</Filter>
    </ClCompile>
    <ClCompile Include="TileLayerParser.cpp">
      <Filter>Game\Parsers\Sources</Filter>
    </ClCompile>
    <ClCompile Include="LayerParsersCreator.cpp">
      <Filter>Game\Parsers\Sources</Filter>
    </ClCompile>
    <ClCompile Include="SDLInputHandler.cpp">
      <Filter>Game\Input\Sources</Filter>
    </ClCompile>
    <ClCompile Include="SDLCollisionManager.cpp">
      <Filter>Game\Collisions\Sources</Filter>
    </ClCompile>
    <ClCompile Include="Level.cpp">
      <Filter>Game\Models\Map\Sources</Filter>
    </ClCompile>
    <ClCompile Include="Tile.cpp">
      <Filter>Game\Models\Map\Sources</Filter>
    </ClCompile>
    <ClCompile Include="Tileset.cpp">
      <Filter>Game\Models\Map\Sources</Filter>
    </ClCompile>
    <ClCompile Include="LayerBase.cpp">
      <Filter>Game\Models\Map\Sources</Filter>
    </ClCompile>
    <ClCompile Include="FromJsonLevelLoader.cpp">
      <Filter>Game\Loaders\Sources</Filter>
    </ClCompile>
    <ClCompile Include="TileLayer.cpp">
      <Filter>Game\Models\Map\Sources</Filter>
    </ClCompile>
    <ClCompile Include="SDLGameBoostrapper.cpp">
      <Filter>Game\Utilities\Sources</Filter>
    </ClCompile>
    <ClCompile Include="SDLTextureManager.cpp">
      <Filter>Game\Utilities\Sources</Filter>
    </ClCompile>
    <ClCompile Include="SDLRenderer.cpp">
      <Filter>Game\Wrappers\Sources</Filter>
    </ClCompile>
    <ClCompile Include="Game.cpp">
      <Filter>Game</Filter>
    </ClCompile>
    <ClCompile Include="main.cpp">
      <Filter>Game</Filter>
    </ClCompile>
    <ClCompile Include="GameObject.cpp">
      <Filter>Game\Models\GameObjects\Sources</Filter>
    </ClCompile>
    <ClCompile Include="Ball.cpp">
      <Filter>Game\Models\GameObjects\Sources</Filter>
    </ClCompile>
    <ClCompile Include="ObjectLayerParser.cpp">
      <Filter>Game\Parsers\Sources</Filter>
    </ClCompile>
    <ClCompile Include="ObjectLayer.cpp">
      <Filter>Game\Models\Map\Sources</Filter>
    </ClCompile>
    <ClCompile Include="ObjectLayerProperties.cpp">
      <Filter>Game\Models\Map\Sources</Filter>
    </ClCompile>
    <ClCompile Include="TileLayerProperties.cpp">
      <Filter>Game\Models\Map\Sources</Filter>
    </ClCompile>
    <ClCompile Include="GameLogicHandler.cpp">
      <Filter>Game</Filter>
    </ClCompile>
    <ClCompile Include="ObjectBase.cpp">
      <Filter>Game\Models\GameObjects</Filter>
    </ClCompile>
    <ClCompile Include="Factory.cpp" />
    <ClCompile Include="Vector2D.cpp">
      <Filter>Game\Utilities</Filter>
    </ClCompile>
    <ClCompile Include="Pacman.cpp">
      <Filter>Game\Models\GameObjects\Sources</Filter>
    </ClCompile>
  </ItemGroup>
</Project>