<?xml version="1.0" encoding="utf-8"?>
<Project ToolsVersion="4.0" xmlns="http://schemas.microsoft.com/developer/msbuild/2003">
  <ItemGroup>
    <Filter Include="Source Files">
      <UniqueIdentifier>{4FC737F1-C7A5-4376-A066-2A32D752A2FF}</UniqueIdentifier>
      <Extensions>cpp;c;cc;cxx;def;odl;idl;hpj;bat;asm;asmx</Extensions>
    </Filter>
    <Filter Include="Header Files">
      <UniqueIdentifier>{93995380-89BD-4b04-88EB-625FBE52EBFB}</UniqueIdentifier>
      <Extensions>h;hh;hpp;hxx;hm;inl;inc;xsd</Extensions>
    </Filter>
    <Filter Include="Resource Files">
      <UniqueIdentifier>{67DA6AB6-F800-4c08-8B7A-83BB121AAD01}</UniqueIdentifier>
      <Extensions>rc;ico;cur;bmp;dlg;rc2;rct;bin;rgs;gif;jpg;jpeg;jpe;resx;tiff;tif;png;wav;mfcribbon-ms</Extensions>
    </Filter>
    <Filter Include="Header Files\Utilities">
      <UniqueIdentifier>{6673840b-11a2-4404-9f95-500648ca7237}</UniqueIdentifier>
    </Filter>
    <Filter Include="Source Files\Utilities">
      <UniqueIdentifier>{07af60e9-9a02-4694-b83f-436bea9311f5}</UniqueIdentifier>
    </Filter>
    <Filter Include="Header Files\Models">
      <UniqueIdentifier>{68a41c89-85f4-49cd-b2bf-470969f174ab}</UniqueIdentifier>
    </Filter>
    <Filter Include="Header Files\Input">
      <UniqueIdentifier>{08326152-983f-4eb2-a327-551823ce0a4e}</UniqueIdentifier>
    </Filter>
    <Filter Include="Source Files\Input">
      <UniqueIdentifier>{b93a5f8e-ee66-4096-97d2-f7bae83cfe71}</UniqueIdentifier>
    </Filter>
    <Filter Include="Source Files\Models">
      <UniqueIdentifier>{bc6db816-a654-4cdd-902e-29045d23ce7e}</UniqueIdentifier>
    </Filter>
    <Filter Include="Header Files\Wrappers">
      <UniqueIdentifier>{66211955-358d-47b6-97ff-8c1e4bc77796}</UniqueIdentifier>
    </Filter>
    <Filter Include="Header Files\Models\Game">
      <UniqueIdentifier>{cb92bf27-19d3-4811-bb81-71fe916b176c}</UniqueIdentifier>
    </Filter>
    <Filter Include="Header Files\Maps">
      <UniqueIdentifier>{35552cbe-dda8-4c79-9f81-3ace23f1825b}</UniqueIdentifier>
    </Filter>
    <Filter Include="Source Files\Maps">
      <UniqueIdentifier>{6fc6da26-85d8-49fe-8eb2-f7593ef9c5c0}</UniqueIdentifier>
    </Filter>
    <Filter Include="Header Files\Parser">
      <UniqueIdentifier>{7da71762-0a31-4f5f-a56e-1a1112cc3ba8}</UniqueIdentifier>
    </Filter>
    <Filter Include="Source Files\Wrappers">
      <UniqueIdentifier>{45193f26-488b-41dd-a437-c4efa733594b}</UniqueIdentifier>
    </Filter>
  </ItemGroup>
  <ItemGroup>
    <ClInclude Include="Game.h">
      <Filter>Header Files</Filter>
    </ClInclude>
    <ClInclude Include="BoostDI.h">
      <Filter>Header Files\Utilities</Filter>
    </ClInclude>
    <ClInclude Include="IGameBoostrapper.h">
      <Filter>Header Files\Utilities</Filter>
    </ClInclude>
    <ClInclude Include="SDLGameBoostrapper.h">
      <Filter>Header Files\Utilities</Filter>
    </ClInclude>
    <ClInclude Include="ActionType.h">
      <Filter>Header Files\Input</Filter>
    </ClInclude>
    <ClInclude Include="IInputHandler.h">
      <Filter>Header Files\Input</Filter>
    </ClInclude>
    <ClInclude Include="SDLActionType.h">
      <Filter>Header Files\Input</Filter>
    </ClInclude>
    <ClInclude Include="SDLInputHandler.h">
      <Filter>Header Files\Input</Filter>
    </ClInclude>
    <ClInclude Include="SDLRenderer.h">
      <Filter>Header Files\Wrappers</Filter>
    </ClInclude>
    <ClInclude Include="IRenderer.h">
      <Filter>Header Files\Wrappers</Filter>
    </ClInclude>
    <ClInclude Include="Rect.h">
      <Filter>Header Files\Models</Filter>
    </ClInclude>
    <ClInclude Include="IDrawable.h">
      <Filter>Header Files\Models\Game</Filter>
    </ClInclude>
    <ClInclude Include="GameObject.h">
      <Filter>Header Files\Models\Game</Filter>
    </ClInclude>
    <ClInclude Include="Square.h">
      <Filter>Header Files\Models\Game</Filter>
    </ClInclude>
    <ClInclude Include="Color.h">
      <Filter>Header Files\Models</Filter>
    </ClInclude>
    <ClInclude Include="IMovable.h">
      <Filter>Header Files\Models\Game</Filter>
    </ClInclude>
    <ClInclude Include="Tileset.h">
      <Filter>Header Files\Maps</Filter>
    </ClInclude>
    <ClInclude Include="Layer.h">
      <Filter>Header Files\Maps</Filter>
    </ClInclude>
    <ClInclude Include="JsonParser.h">
      <Filter>Header Files\Parser</Filter>
    </ClInclude>
    <ClInclude Include="ILevelLoader.h">
      <Filter>Header Files\Maps</Filter>
    </ClInclude>
    <ClInclude Include="Level.h">
      <Filter>Header Files\Maps</Filter>
    </ClInclude>
    <ClInclude Include="FromJsonLevelLoader.h">
      <Filter>Header Files\Maps</Filter>
    </ClInclude>
    <ClInclude Include="ITextureManager.h">
      <Filter>Header Files\Utilities</Filter>
    </ClInclude>
    <ClInclude Include="SDLTextureManager.h">
      <Filter>Header Files\Utilities</Filter>
    </ClInclude>
    <ClInclude Include="Wrapper.h">
      <Filter>Header Files\Wrappers</Filter>
    </ClInclude>
    <ClInclude Include="LayerProperties.h">
      <Filter>Header Files\Maps</Filter>
    </ClInclude>
    <ClInclude Include="SpecialSDLActionType.h">
      <Filter>Header Files\Input</Filter>
    </ClInclude>
    <ClInclude Include="ICollisionManager.h">
      <Filter>Header Files</Filter>
    </ClInclude>
    <ClInclude Include="MoveableGameObject.h">
      <Filter>Header Files\Models\Game</Filter>
    </ClInclude>
    <ClInclude Include="SDLCollisionManager.h">
      <Filter>Header Files</Filter>
    </ClInclude>
    <ClInclude Include="ICollidable.h">
      <Filter>Header Files</Filter>
    </ClInclude>
    <ClInclude Include="Tile.h">
      <Filter>Header Files\Maps</Filter>
    </ClInclude>
    <ClInclude Include="Tag.h">
      <Filter>Header Files</Filter>
    </ClInclude>
    <ClInclude Include="Ball.h">
      <Filter>Header Files\Models\Game</Filter>
    </ClInclude>
  </ItemGroup>
  <ItemGroup>
    <ClCompile Include="main.cpp">
      <Filter>Source Files</Filter>
    </ClCompile>
    <ClCompile Include="Game.cpp">
      <Filter>Source Files</Filter>
    </ClCompile>
    <ClCompile Include="SDLGameBoostrapper.cpp">
      <Filter>Source Files\Utilities</Filter>
    </ClCompile>
    <ClCompile Include="SDLInputHandler.cpp">
      <Filter>Source Files\Input</Filter>
    </ClCompile>
    <ClCompile Include="Square.cpp">
      <Filter>Source Files\Models</Filter>
    </ClCompile>
    <ClCompile Include="GameObject.cpp">
      <Filter>Source Files\Models</Filter>
    </ClCompile>
    <ClCompile Include="Layer.cpp">
      <Filter>Source Files\Maps</Filter>
    </ClCompile>
    <ClCompile Include="Tileset.cpp">
      <Filter>Source Files\Maps</Filter>
    </ClCompile>
    <ClCompile Include="SDLTextureManager.cpp">
      <Filter>Source Files\Utilities</Filter>
    </ClCompile>
    <ClCompile Include="Level.cpp">
      <Filter>Source Files\Maps</Filter>
    </ClCompile>
    <ClCompile Include="FromJsonLevelLoader.cpp">
      <Filter>Source Files\Maps</Filter>
    </ClCompile>
    <ClCompile Include="SDLRenderer.cpp">
      <Filter>Source Files\Wrappers</Filter>
    </ClCompile>
    <ClCompile Include="LayerProperties.cpp">
      <Filter>Source Files</Filter>
    </ClCompile>
    <ClCompile Include="SDLCollisionManager.cpp">
      <Filter>Source Files</Filter>
    </ClCompile>
    <ClCompile Include="Tile.cpp">
      <Filter>Source Files\Maps</Filter>
    </ClCompile>
    <ClCompile Include="Ball.cpp">
      <Filter>Header Files\Models\Game</Filter>
    </ClCompile>
  </ItemGroup>
</Project>