<?xml version="1.0" encoding="utf-8"?>
<Project ToolsVersion="4.0" xmlns="http://schemas.microsoft.com/developer/msbuild/2003">
  <ItemGroup>
    <Filter Include="Resource Files">
      <UniqueIdentifier>{67DA6AB6-F800-4c08-8B7A-83BB121AAD01}</UniqueIdentifier>
      <Extensions>rc;ico;cur;bmp;dlg;rc2;rct;bin;rgs;gif;jpg;jpeg;jpe;resx;tiff;tif;png;wav;mfcribbon-ms</Extensions>
    </Filter>
    <Filter Include="Game">
      <UniqueIdentifier>{0974bef2-7bfe-4f59-8d03-e0b1b9fe0beb}</UniqueIdentifier>
    </Filter>
    <Filter Include="Game\Parsers">
      <UniqueIdentifier>{39917b95-d766-406b-9319-d895c24e169a}</UniqueIdentifier>
    </Filter>
    <Filter Include="Game\Parsers\Sources">
      <UniqueIdentifier>{36df07c7-9d19-4d37-ad30-39b981ba0468}</UniqueIdentifier>
    </Filter>
    <Filter Include="Game\Input">
      <UniqueIdentifier>{ebb33dff-656f-46fe-9ecd-d42f79384b44}</UniqueIdentifier>
    </Filter>
    <Filter Include="Game\Input\Sources">
      <UniqueIdentifier>{ddc7c9d2-40aa-479a-ab0d-073420f92045}</UniqueIdentifier>
    </Filter>
    <Filter Include="Game\Collisions">
      <UniqueIdentifier>{dd906054-3420-40e7-aaf3-42959e5f3ba8}</UniqueIdentifier>
    </Filter>
    <Filter Include="Game\Collisions\Sources">
      <UniqueIdentifier>{1d7f6633-83de-4f5d-bc46-3f011b3694a4}</UniqueIdentifier>
    </Filter>
    <Filter Include="Game\Models">
      <UniqueIdentifier>{ccbecb92-81bc-4376-8b4b-fdc29b180a76}</UniqueIdentifier>
    </Filter>
    <Filter Include="Game\Models\Input">
      <UniqueIdentifier>{0c64c0c1-a8e3-45dd-bfc9-7eb18d19751a}</UniqueIdentifier>
    </Filter>
    <Filter Include="Game\Models\Collisions">
      <UniqueIdentifier>{e165c119-c06a-4400-9d39-ae7c813cb740}</UniqueIdentifier>
    </Filter>
    <Filter Include="Game\Models\Map">
      <UniqueIdentifier>{f89af5ce-380c-4d12-86b8-d8bc7f0d991a}</UniqueIdentifier>
    </Filter>
    <Filter Include="Game\Loaders">
      <UniqueIdentifier>{fbbcd966-5051-4dc7-9910-7440911692a7}</UniqueIdentifier>
    </Filter>
    <Filter Include="Game\Models\Map\Sources">
      <UniqueIdentifier>{f5cd7a52-c86b-4e06-a33e-4fe993c3c6f8}</UniqueIdentifier>
    </Filter>
    <Filter Include="Game\Loaders\Sources">
      <UniqueIdentifier>{87845670-7fd7-4ebe-85bd-b4e12b391a1b}</UniqueIdentifier>
    </Filter>
    <Filter Include="Game\Utilities">
      <UniqueIdentifier>{a053b1ea-fbcc-443b-87e0-17568c837348}</UniqueIdentifier>
    </Filter>
    <Filter Include="Game\Utilities\Sources">
      <UniqueIdentifier>{8da1411f-c593-4017-bb8d-47b55c7c8661}</UniqueIdentifier>
    </Filter>
    <Filter Include="Game\Wrappers">
      <UniqueIdentifier>{fca7e58c-d0af-474b-95a0-481945ecfb27}</UniqueIdentifier>
    </Filter>
    <Filter Include="Game\Wrappers\Sources">
      <UniqueIdentifier>{5a18010a-8eb9-4f30-a914-8b0d2dabbfbb}</UniqueIdentifier>
    </Filter>
    <Filter Include="Game\Utilities\Models">
      <UniqueIdentifier>{b9a53277-50ad-4ebc-9d66-f75d744e02bd}</UniqueIdentifier>
    </Filter>
    <Filter Include="Game\Models\GameObjects">
      <UniqueIdentifier>{20f4a359-52b6-43c2-b24d-c996d0a36aee}</UniqueIdentifier>
    </Filter>
    <Filter Include="Game\Models\GameObjects\Sources">
      <UniqueIdentifier>{f1bb328c-64a2-4d02-b4f3-5706db0eb08e}</UniqueIdentifier>
    </Filter>
    <Filter Include="Game\Factory">
      <UniqueIdentifier>{61049927-5058-4201-8369-1744785ad2b5}</UniqueIdentifier>
    </Filter>
    <Filter Include="Game\Models\GameObjects\Enemies">
      <UniqueIdentifier>{55440b10-42ad-41c8-bfb0-39720900eb4b}</UniqueIdentifier>
    </Filter>
    <Filter Include="Game\Events">
      <UniqueIdentifier>{6935671d-f90e-4666-979d-118846db9f74}</UniqueIdentifier>
    </Filter>
    <Filter Include="Game\Parsers\InnerObjectLayerParser">
      <UniqueIdentifier>{43c13f91-2048-442d-9051-4f117d935472}</UniqueIdentifier>
    </Filter>
    <Filter Include="Game\Parsers\InnerObjectLayerParser\Balls">
      <UniqueIdentifier>{087e052a-5b21-4971-9605-3eb024590bd2}</UniqueIdentifier>
    </Filter>
    <Filter Include="Game\Parsers\InnerObjectLayerParser\Enemies">
      <UniqueIdentifier>{cd135bfe-8b98-4454-b399-f45d93e2dc9e}</UniqueIdentifier>
    </Filter>
    <Filter Include="Game\GameLogic">
      <UniqueIdentifier>{c0d9e79c-f155-4119-80b7-659ac4aa89d4}</UniqueIdentifier>
    </Filter>
    <Filter Include="Game\GhostBehaviours">
      <UniqueIdentifier>{7cd7dd9e-3da4-405d-973a-474c9ae7ddd0}</UniqueIdentifier>
    </Filter>
    <Filter Include="Game\HUD">
      <UniqueIdentifier>{01e87a73-a435-4f11-b368-94b05ecb974a}</UniqueIdentifier>
    </Filter>
    <Filter Include="Game\GameStates">
      <UniqueIdentifier>{1b04b35a-f559-4395-b6f7-cc0217cb2ae5}</UniqueIdentifier>
    </Filter>
    <Filter Include="Game\Models\GameObjects\Menus">
      <UniqueIdentifier>{ba8bb419-feb2-445f-afec-d2cf49d2071e}</UniqueIdentifier>
    </Filter>
    <Filter Include="Game\Loaders\States">
      <UniqueIdentifier>{b93cf8a7-74b3-4b1b-add7-1c59f60424fe}</UniqueIdentifier>
    </Filter>
    <Filter Include="Game\Models\GameObjects\Animation">
      <UniqueIdentifier>{3267f6e1-160b-46a6-8026-f6f8ac140507}</UniqueIdentifier>
    </Filter>
  </ItemGroup>
  <ItemGroup>
    <ClInclude Include="ILayerParser.h">
      <Filter>Game\Parsers</Filter>
    </ClInclude>
    <ClInclude Include="LayerParsersCreator.h">
      <Filter>Game\Parsers</Filter>
    </ClInclude>
    <ClInclude Include="TileLayerParser.h">
      <Filter>Game\Parsers</Filter>
    </ClInclude>
    <ClInclude Include="IInputHandler.h">
      <Filter>Game\Input</Filter>
    </ClInclude>
    <ClInclude Include="SDLInputHandler.h">
      <Filter>Game\Input</Filter>
    </ClInclude>
    <ClInclude Include="ICollisionManager.h">
      <Filter>Game\Collisions</Filter>
    </ClInclude>
    <ClInclude Include="SDLCollisionManager.h">
      <Filter>Game\Collisions</Filter>
    </ClInclude>
    <ClInclude Include="ActionType.h">
      <Filter>Game\Models\Input</Filter>
    </ClInclude>
    <ClInclude Include="SDLActionType.h">
      <Filter>Game\Models\Input</Filter>
    </ClInclude>
    <ClInclude Include="SpecialSDLActionType.h">
      <Filter>Game\Models\Input</Filter>
    </ClInclude>
    <ClInclude Include="ICollidable.h">
      <Filter>Game\Models\Collisions</Filter>
    </ClInclude>
    <ClInclude Include="Tag.h">
      <Filter>Game\Models\Collisions</Filter>
    </ClInclude>
    <ClInclude Include="FromJsonLevelLoader.h">
      <Filter>Game\Loaders</Filter>
    </ClInclude>
    <ClInclude Include="ILevelLoader.h">
      <Filter>Game\Loaders</Filter>
    </ClInclude>
    <ClInclude Include="LayerBase.h">
      <Filter>Game\Models\Map</Filter>
    </ClInclude>
    <ClInclude Include="Tile.h">
      <Filter>Game\Models\Map</Filter>
    </ClInclude>
    <ClInclude Include="Tileset.h">
      <Filter>Game\Models\Map</Filter>
    </ClInclude>
    <ClInclude Include="TileLayer.h">
      <Filter>Game\Models\Map</Filter>
    </ClInclude>
    <ClInclude Include="JsonParser.h">
      <Filter>Game\Parsers</Filter>
    </ClInclude>
    <ClInclude Include="BoostDI.h">
      <Filter>Game\Utilities</Filter>
    </ClInclude>
    <ClInclude Include="ITextureManager.h">
      <Filter>Game\Utilities</Filter>
    </ClInclude>
    <ClInclude Include="SDLTextureManager.h">
      <Filter>Game\Utilities</Filter>
    </ClInclude>
    <ClInclude Include="IRenderer.h">
      <Filter>Game\Wrappers</Filter>
    </ClInclude>
    <ClInclude Include="SDLRenderer.h">
      <Filter>Game\Wrappers</Filter>
    </ClInclude>
    <ClInclude Include="Wrapper.h">
      <Filter>Game\Wrappers</Filter>
    </ClInclude>
    <ClInclude Include="Ball.h">
      <Filter>Game\Models\GameObjects</Filter>
    </ClInclude>
    <ClInclude Include="GameObject.h">
      <Filter>Game\Models\GameObjects</Filter>
    </ClInclude>
    <ClInclude Include="IDrawable.h">
      <Filter>Game\Models\GameObjects</Filter>
    </ClInclude>
    <ClInclude Include="IMovable.h">
      <Filter>Game\Models\GameObjects</Filter>
    </ClInclude>
    <ClInclude Include="MoveableGameObject.h">
      <Filter>Game\Models\GameObjects</Filter>
    </ClInclude>
    <ClInclude Include="Color.h">
      <Filter>Game\Utilities\Models</Filter>
    </ClInclude>
    <ClInclude Include="Rect.h">
      <Filter>Game\Utilities\Models</Filter>
    </ClInclude>
    <ClInclude Include="Game.h">
      <Filter>Game</Filter>
    </ClInclude>
    <ClInclude Include="ObjectLayerParser.h">
      <Filter>Game\Parsers</Filter>
    </ClInclude>
    <ClInclude Include="ObjectLayer.h">
      <Filter>Game\Models\Map</Filter>
    </ClInclude>
    <ClInclude Include="TileLayerProperties.h">
      <Filter>Game\Models\Map</Filter>
    </ClInclude>
    <ClInclude Include="EnumParser.h">
      <Filter>Game\Utilities</Filter>
    </ClInclude>
    <ClInclude Include="ObjectBase.h">
      <Filter>Game\Models\GameObjects</Filter>
    </ClInclude>
    <ClInclude Include="Factory.h" />
    <ClInclude Include="Vector2D.h">
      <Filter>Game\Utilities</Filter>
    </ClInclude>
    <ClInclude Include="Pacman.h">
      <Filter>Game\Models\GameObjects</Filter>
    </ClInclude>
    <ClInclude Include="Ghost.h">
      <Filter>Game\Models\GameObjects\Enemies</Filter>
    </ClInclude>
    <ClInclude Include="Event.h">
      <Filter>Game\Events</Filter>
    </ClInclude>
    <ClInclude Include="InnerObjectLayerParsersCreator.h">
      <Filter>Game\Parsers\InnerObjectLayerParser</Filter>
    </ClInclude>
    <ClInclude Include="IInnerObjectLayerParser.h">
      <Filter>Game\Parsers\InnerObjectLayerParser</Filter>
    </ClInclude>
    <ClInclude Include="IInnerObjectLayerParsersCreator.h">
      <Filter>Game\Parsers\InnerObjectLayerParser</Filter>
    </ClInclude>
    <ClInclude Include="BallObjectLayerParser.h">
      <Filter>Game\Parsers\InnerObjectLayerParser\Balls</Filter>
    </ClInclude>
    <ClInclude Include="BallsObjectLayer.h">
      <Filter>Game\Parsers\InnerObjectLayerParser\Balls</Filter>
    </ClInclude>
    <ClInclude Include="EnemiesObjectLayerParser.h">
      <Filter>Game\Parsers\InnerObjectLayerParser\Enemies</Filter>
    </ClInclude>
    <ClInclude Include="EnemiesObjectLayer.h">
      <Filter>Game\Parsers\InnerObjectLayerParser\Enemies</Filter>
    </ClInclude>
    <ClInclude Include="GameLogicHandler.h">
      <Filter>Game\GameLogic</Filter>
    </ClInclude>
    <ClInclude Include="SDLGameBootstrapper.h">
      <Filter>Game\Utilities</Filter>
    </ClInclude>
    <ClInclude Include="IGameBootstrapper.h">
      <Filter>Game\Utilities</Filter>
    </ClInclude>
    <ClInclude Include="ScoreHandler.h">
      <Filter>Game\GameLogic</Filter>
    </ClInclude>
    <ClInclude Include="IUpdateable.h">
      <Filter>Game\Models\GameObjects</Filter>
    </ClInclude>
    <ClInclude Include="MoveToPositionBehaviour.h">
      <Filter>Game\GhostBehaviours</Filter>
    </ClInclude>
    <ClInclude Include="RandomBehaviour.h">
      <Filter>Game\GhostBehaviours</Filter>
    </ClInclude>
    <ClInclude Include="BehaviourBase.h">
      <Filter>Game\GhostBehaviours</Filter>
    </ClInclude>
    <ClInclude Include="GameHud.h">
      <Filter>Game\HUD</Filter>
    </ClInclude>
    <ClInclude Include="IClearable.h">
      <Filter>Game\Models\GameObjects</Filter>
    </ClInclude>
    <ClInclude Include="IDestroyable.h">
      <Filter>Game\Models\GameObjects</Filter>
    </ClInclude>
    <ClInclude Include="IGameState.h">
      <Filter>Game\GameStates</Filter>
    </ClInclude>
    <ClInclude Include="GameStateMachine.h">
      <Filter>Game\GameStates</Filter>
    </ClInclude>
    <ClInclude Include="IHandleInput.h">
      <Filter>Game\Models\GameObjects</Filter>
    </ClInclude>
    <ClInclude Include="PlayState.h">
      <Filter>Game\GameStates</Filter>
    </ClInclude>
    <ClInclude Include="GameStateFactory.h">
      <Filter>Game\GameStates</Filter>
    </ClInclude>
    <ClInclude Include="PauseState.h">
      <Filter>Game\GameStates</Filter>
    </ClInclude>
    <ClInclude Include="Button.h">
      <Filter>Game\Models\GameObjects\Menus</Filter>
    </ClInclude>
    <ClInclude Include="ActionArg.h">
      <Filter>Game\Models\GameObjects\Menus</Filter>
    </ClInclude>
    <ClInclude Include="MouseMoveActionArg.h">
      <Filter>Game\Models\GameObjects\Menus</Filter>
    </ClInclude>
    <ClInclude Include="MainMenuState.h">
      <Filter>Game\GameStates</Filter>
    </ClInclude>
    <ClInclude Include="MenuStateBase.h">
      <Filter>Game\GameStates</Filter>
    </ClInclude>
    <ClInclude Include="IStatesLoader.h">
      <Filter>Game\Loaders\States</Filter>
    </ClInclude>
    <ClInclude Include="FromJsonStatesLoader.h">
      <Filter>Game\Loaders\States</Filter>
    </ClInclude>
    <ClInclude Include="GhostState.h">
      <Filter>Game\Models\GameObjects\Enemies</Filter>
    </ClInclude>
    <ClInclude Include="Animation.h">
      <Filter>Game\Models\GameObjects\Animation</Filter>
    </ClInclude>
  </ItemGroup>
  <ItemGroup>
    <ClCompile Include="ILayerParser.cpp">
      <Filter>Game\Parsers\Sources</Filter>
    </ClCompile>
    <ClCompile Include="TileLayerParser.cpp">
      <Filter>Game\Parsers\Sources</Filter>
    </ClCompile>
    <ClCompile Include="LayerParsersCreator.cpp">
      <Filter>Game\Parsers\Sources</Filter>
    </ClCompile>
    <ClCompile Include="SDLInputHandler.cpp">
      <Filter>Game\Input\Sources</Filter>
    </ClCompile>
    <ClCompile Include="SDLCollisionManager.cpp">
      <Filter>Game\Collisions\Sources</Filter>
    </ClCompile>
    <ClCompile Include="Level.cpp">
      <Filter>Game\Models\Map\Sources</Filter>
    </ClCompile>
    <ClCompile Include="Tile.cpp">
      <Filter>Game\Models\Map\Sources</Filter>
    </ClCompile>
    <ClCompile Include="Tileset.cpp">
      <Filter>Game\Models\Map\Sources</Filter>
    </ClCompile>
    <ClCompile Include="LayerBase.cpp">
      <Filter>Game\Models\Map\Sources</Filter>
    </ClCompile>
    <ClCompile Include="FromJsonLevelLoader.cpp">
      <Filter>Game\Loaders\Sources</Filter>
    </ClCompile>
    <ClCompile Include="TileLayer.cpp">
      <Filter>Game\Models\Map\Sources</Filter>
    </ClCompile>
    <ClCompile Include="SDLTextureManager.cpp">
      <Filter>Game\Utilities\Sources</Filter>
    </ClCompile>
    <ClCompile Include="SDLRenderer.cpp">
      <Filter>Game\Wrappers\Sources</Filter>
    </ClCompile>
    <ClCompile Include="Game.cpp">
      <Filter>Game</Filter>
    </ClCompile>
    <ClCompile Include="main.cpp">
      <Filter>Game</Filter>
    </ClCompile>
    <ClCompile Include="GameObject.cpp">
      <Filter>Game\Models\GameObjects\Sources</Filter>
    </ClCompile>
    <ClCompile Include="Ball.cpp">
      <Filter>Game\Models\GameObjects\Sources</Filter>
    </ClCompile>
    <ClCompile Include="ObjectLayerParser.cpp">
      <Filter>Game\Parsers\Sources</Filter>
    </ClCompile>
    <ClCompile Include="ObjectLayer.cpp">
      <Filter>Game\Models\Map\Sources</Filter>
    </ClCompile>
    <ClCompile Include="TileLayerProperties.cpp">
      <Filter>Game\Models\Map\Sources</Filter>
    </ClCompile>
    <ClCompile Include="ObjectBase.cpp">
      <Filter>Game\Models\GameObjects</Filter>
    </ClCompile>
    <ClCompile Include="Factory.cpp" />
    <ClCompile Include="Vector2D.cpp">
      <Filter>Game\Utilities</Filter>
    </ClCompile>
    <ClCompile Include="Pacman.cpp">
      <Filter>Game\Models\GameObjects\Sources</Filter>
    </ClCompile>
    <ClCompile Include="Ghost.cpp">
      <Filter>Game\Models\GameObjects\Enemies</Filter>
    </ClCompile>
    <ClCompile Include="Event.cpp">
      <Filter>Game\Events</Filter>
    </ClCompile>
    <ClCompile Include="InnerObjectLayerParsersCreator.cpp">
      <Filter>Game\Parsers\InnerObjectLayerParser</Filter>
    </ClCompile>
    <ClCompile Include="BallObjectLayerParser.cpp">
      <Filter>Game\Parsers\InnerObjectLayerParser\Balls</Filter>
    </ClCompile>
    <ClCompile Include="BallsObjectLayer.cpp">
      <Filter>Game\Parsers\InnerObjectLayerParser\Balls</Filter>
    </ClCompile>
    <ClCompile Include="EnemiesObjectLayerParser.cpp">
      <Filter>Game\Parsers\InnerObjectLayerParser\Enemies</Filter>
    </ClCompile>
    <ClCompile Include="EnemiesObjectLayer.cpp">
      <Filter>Game\Parsers\InnerObjectLayerParser\Enemies</Filter>
    </ClCompile>
    <ClCompile Include="GameLogicHandler.cpp">
      <Filter>Game\GameLogic</Filter>
    </ClCompile>
    <ClCompile Include="SDLGameBootstrapper.cpp">
      <Filter>Game\Utilities\Sources</Filter>
    </ClCompile>
    <ClCompile Include="ScoreHandler.cpp">
      <Filter>Game\GameLogic</Filter>
    </ClCompile>
    <ClCompile Include="IUpdateable.cpp">
      <Filter>Game\Models\GameObjects</Filter>
    </ClCompile>
    <ClCompile Include="MoveToPositionBehaviour.cpp">
      <Filter>Game\GhostBehaviours</Filter>
    </ClCompile>
    <ClCompile Include="RandomBehaviour.cpp">
      <Filter>Game\GhostBehaviours</Filter>
    </ClCompile>
    <ClCompile Include="BehaviourBase.cpp">
      <Filter>Game\GhostBehaviours</Filter>
    </ClCompile>
    <ClCompile Include="GameHud.cpp">
      <Filter>Game\HUD</Filter>
    </ClCompile>
    <ClCompile Include="IClearable.cpp">
      <Filter>Game\Models\GameObjects</Filter>
    </ClCompile>
    <ClCompile Include="IDestroyable.cpp">
      <Filter>Game\Models\GameObjects</Filter>
    </ClCompile>
    <ClCompile Include="IGameState.cpp">
      <Filter>Game\GameStates</Filter>
    </ClCompile>
    <ClCompile Include="GameStateMachine.cpp">
      <Filter>Game\GameStates</Filter>
    </ClCompile>
    <ClCompile Include="IHandleInput.cpp">
      <Filter>Game\Models\GameObjects</Filter>
    </ClCompile>
    <ClCompile Include="PlayState.cpp">
      <Filter>Game\GameStates</Filter>
    </ClCompile>
    <ClCompile Include="GameStateFactory.cpp">
      <Filter>Game\GameStates</Filter>
    </ClCompile>
    <ClCompile Include="PauseState.cpp">
      <Filter>Game\GameStates</Filter>
    </ClCompile>
    <ClCompile Include="Button.cpp">
      <Filter>Game\Models\GameObjects\Menus</Filter>
    </ClCompile>
    <ClCompile Include="ActionArg.cpp">
      <Filter>Game\Models\GameObjects\Menus</Filter>
    </ClCompile>
    <ClCompile Include="MouseMoveActionArg.cpp">
      <Filter>Game\Models\GameObjects\Menus</Filter>
    </ClCompile>
    <ClCompile Include="MainMenuState.cpp">
      <Filter>Game\GameStates</Filter>
    </ClCompile>
    <ClCompile Include="MenuStateBase.cpp">
      <Filter>Game\GameStates</Filter>
    </ClCompile>
    <ClCompile Include="IStatesLoader.cpp">
      <Filter>Game\Loaders\States</Filter>
    </ClCompile>
    <ClCompile Include="FromJsonStatesLoader.cpp">
      <Filter>Game\Loaders\States</Filter>
    </ClCompile>
    <ClCompile Include="GhostState.cpp">
      <Filter>Game\Models\GameObjects\Enemies</Filter>
    </ClCompile>
    <ClCompile Include="Animation.cpp">
      <Filter>Game\Models\GameObjects\Animation</Filter>
    </ClCompile>
  </ItemGroup>
  <ItemGroup>
    <None Include="packages.config" />
  </ItemGroup>
</Project>